
Microsoft Visual Studio Solution File, Format Version 12.00
Project("{FAE04EC0-301F-11D3-BF4B-00C04F79EFBC}") = "SubtitleParse", "SubtitleParse\SubtitleParse.csproj", "{914CC686-5940-4601-80AB-AD84D4767CBC}"
EndProject
Project("{FAE04EC0-301F-11D3-BF4B-00C04F79EFBC}") = "Tests", "Tests\Tests.csproj", "{4BDEB7BC-48A7-43D7-83F0-D3ACB9E6BFB3}"
EndProject
Global
	GlobalSection(SolutionConfigurationPlatforms) = preSolution
		Debug|Any CPU = Debug|Any CPU
		Release|Any CPU = Release|Any CPU
	EndGlobalSection
	GlobalSection(ProjectConfigurationPlatforms) = postSolution
		{914CC686-5940-4601-80AB-AD84D4767CBC}.Debug|Any CPU.ActiveCfg = Debug|Any CPU
		{914CC686-5940-4601-80AB-AD84D4767CBC}.Release|Any CPU.ActiveCfg = Release|Any CPU
		{914CC686-5940-4601-80AB-AD84D4767CBC}.Release|Any CPU.Build.0 = Release|Any CPU
		{914CC686-5940-4601-80AB-AD84D4767CBC}.Debug|Any CPU.Build.0 = Debug|Any CPU
		{4BDEB7BC-48A7-43D7-83F0-D3ACB9E6BFB3}.Debug|Any CPU.ActiveCfg = Debug|Any CPU
		{4BDEB7BC-48A7-43D7-83F0-D3ACB9E6BFB3}.Debug|Any CPU.Build.0 = Debug|Any CPU
		{4BDEB7BC-48A7-43D7-83F0-D3ACB9E6BFB3}.Release|Any CPU.ActiveCfg = Release|Any CPU
		{4BDEB7BC-48A7-43D7-83F0-D3ACB9E6BFB3}.Release|Any CPU.Build.0 = Release|Any CPU
	EndGlobalSection
EndGlobal
